
Microsoft Visual Studio Solution File, Format Version 12.00
# Visual Studio Version 17
VisualStudioVersion = 17.0.31903.59
MinimumVisualStudioVersion = 10.0.40219.1
Project("{2150E333-8FDC-42A3-9474-1A3956D46DE8}") = "server", "server", "{6853CA2E-6B36-4040-9C04-F879FC06ABAA}"
EndProject
Project("{FAE04EC0-301F-11D3-BF4B-00C04F79EFBC}") = "TortiYaManager.Core", "server\TortiYaManager.Core\TortiYaManager.Core.csproj", "{460B60BE-BC87-4C96-A3AC-D77A225908F2}"
EndProject
Project("{FAE04EC0-301F-11D3-BF4B-00C04F79EFBC}") = "TortiYaManager.Application", "server\TortiYaManager.Application\TortiYaManager.Application.csproj", "{FA00987D-7097-45D1-86C2-3FEF3554F936}"
EndProject
Project("{FAE04EC0-301F-11D3-BF4B-00C04F79EFBC}") = "TortiYaManager.Infrastructure", "server\TortiYaManager.Infrastructure\TortiYaManager.Infrastructure.csproj", "{D44A644F-4C7A-42E5-8396-58CC80380044}"
EndProject
Project("{FAE04EC0-301F-11D3-BF4B-00C04F79EFBC}") = "TortiYaManager.WebAPI", "server\TortiYaManager.WebAPI\TortiYaManager.WebAPI.csproj", "{62F83F1B-EF46-402B-8488-8CDD4F641F26}"
EndProject
Project("{FAE04EC0-301F-11D3-BF4B-00C04F79EFBC}") = "SharedLib", "server\SharedLib\SharedLib.csproj", "{DAD523B4-A55D-4DFA-8E82-4A74A6E23494}"
EndProject
Global
	GlobalSection(SolutionConfigurationPlatforms) = preSolution
		Debug|Any CPU = Debug|Any CPU
		Release|Any CPU = Release|Any CPU
	EndGlobalSection
	GlobalSection(SolutionProperties) = preSolution
		HideSolutionNode = FALSE
	EndGlobalSection
	GlobalSection(ProjectConfigurationPlatforms) = postSolution
		{460B60BE-BC87-4C96-A3AC-D77A225908F2}.Debug|Any CPU.ActiveCfg = Debug|Any CPU
		{460B60BE-BC87-4C96-A3AC-D77A225908F2}.Debug|Any CPU.Build.0 = Debug|Any CPU
		{460B60BE-BC87-4C96-A3AC-D77A225908F2}.Release|Any CPU.ActiveCfg = Release|Any CPU
		{460B60BE-BC87-4C96-A3AC-D77A225908F2}.Release|Any CPU.Build.0 = Release|Any CPU
		{FA00987D-7097-45D1-86C2-3FEF3554F936}.Debug|Any CPU.ActiveCfg = Debug|Any CPU
		{FA00987D-7097-45D1-86C2-3FEF3554F936}.Debug|Any CPU.Build.0 = Debug|Any CPU
		{FA00987D-7097-45D1-86C2-3FEF3554F936}.Release|Any CPU.ActiveCfg = Release|Any CPU
		{FA00987D-7097-45D1-86C2-3FEF3554F936}.Release|Any CPU.Build.0 = Release|Any CPU
		{D44A644F-4C7A-42E5-8396-58CC80380044}.Debug|Any CPU.ActiveCfg = Debug|Any CPU
		{D44A644F-4C7A-42E5-8396-58CC80380044}.Debug|Any CPU.Build.0 = Debug|Any CPU
		{D44A644F-4C7A-42E5-8396-58CC80380044}.Release|Any CPU.ActiveCfg = Release|Any CPU
		{D44A644F-4C7A-42E5-8396-58CC80380044}.Release|Any CPU.Build.0 = Release|Any CPU
		{62F83F1B-EF46-402B-8488-8CDD4F641F26}.Debug|Any CPU.ActiveCfg = Debug|Any CPU
		{62F83F1B-EF46-402B-8488-8CDD4F641F26}.Debug|Any CPU.Build.0 = Debug|Any CPU
		{62F83F1B-EF46-402B-8488-8CDD4F641F26}.Release|Any CPU.ActiveCfg = Release|Any CPU
		{62F83F1B-EF46-402B-8488-8CDD4F641F26}.Release|Any CPU.Build.0 = Release|Any CPU
		{DAD523B4-A55D-4DFA-8E82-4A74A6E23494}.Debug|Any CPU.ActiveCfg = Debug|Any CPU
		{DAD523B4-A55D-4DFA-8E82-4A74A6E23494}.Debug|Any CPU.Build.0 = Debug|Any CPU
		{DAD523B4-A55D-4DFA-8E82-4A74A6E23494}.Release|Any CPU.ActiveCfg = Release|Any CPU
		{DAD523B4-A55D-4DFA-8E82-4A74A6E23494}.Release|Any CPU.Build.0 = Release|Any CPU
	EndGlobalSection
	GlobalSection(NestedProjects) = preSolution
		{460B60BE-BC87-4C96-A3AC-D77A225908F2} = {6853CA2E-6B36-4040-9C04-F879FC06ABAA}
		{FA00987D-7097-45D1-86C2-3FEF3554F936} = {6853CA2E-6B36-4040-9C04-F879FC06ABAA}
		{D44A644F-4C7A-42E5-8396-58CC80380044} = {6853CA2E-6B36-4040-9C04-F879FC06ABAA}
		{62F83F1B-EF46-402B-8488-8CDD4F641F26} = {6853CA2E-6B36-4040-9C04-F879FC06ABAA}
		{DAD523B4-A55D-4DFA-8E82-4A74A6E23494} = {6853CA2E-6B36-4040-9C04-F879FC06ABAA}
	EndGlobalSection
EndGlobal
